
Microsoft Visual Studio Solution File, Format Version 12.00
# Visual Studio Version 17
VisualStudioVersion = 17.1.32228.430
MinimumVisualStudioVersion = 10.0.40219.1
Project("{FAE04EC0-301F-11D3-BF4B-00C04F79EFBC}") = "Tic-Tac-Toe", "Tic-Tac-Toe.csproj", "{E55123F4-2FB6-438B-8E09-68CCD0B5CB52}"
EndProject
Global
	GlobalSection(SolutionConfigurationPlatforms) = preSolution
		Debug|Any CPU = Debug|Any CPU
		Release|Any CPU = Release|Any CPU
	EndGlobalSection
	GlobalSection(ProjectConfigurationPlatforms) = postSolution
		{E55123F4-2FB6-438B-8E09-68CCD0B5CB52}.Debug|Any CPU.ActiveCfg = Debug|Any CPU
		{E55123F4-2FB6-438B-8E09-68CCD0B5CB52}.Debug|Any CPU.Build.0 = Debug|Any CPU
		{E55123F4-2FB6-438B-8E09-68CCD0B5CB52}.Release|Any CPU.ActiveCfg = Release|Any CPU
		{E55123F4-2FB6-438B-8E09-68CCD0B5CB52}.Release|Any CPU.Build.0 = Release|Any CPU
	EndGlobalSection
	GlobalSection(SolutionProperties) = preSolution
		HideSolutionNode = FALSE
	EndGlobalSection
	GlobalSection(ExtensibilityGlobals) = postSolution
		SolutionGuid = {2737B48E-CA91-4732-B822-865D95F8E941}
	EndGlobalSection
EndGlobal
